# This file is automatically @generated by Cargo.
# It is not intended for manual editing.
version = 4

[[package]]
name = "relay-factory-core"
version = "0.1.0"

[[package]]
name = "relay-hub"
version = "0.1.0"
dependencies = [
 "relay-factory-core",
]

[[package]]
name = "relay-node"
version = "0.1.0"
dependencies = [
 "relay-factory-core",
]
